// !$*UTF8*$!
{
	archiveVersion = 1;
	classes = {
	};
	objectVersion = 56;
	objects = {

/* Begin PBXBuildFile section */
		2235E08B29A4F09F0067A062 /* Crypto_SwiftUIApp.swift in Sources */ = {isa = PBXBuildFile; fileRef = 2235E08A29A4F09F0067A062 /* Crypto_SwiftUIApp.swift */; };
		2235E08D29A4F09F0067A062 /* ContentView.swift in Sources */ = {isa = PBXBuildFile; fileRef = 2235E08C29A4F09F0067A062 /* ContentView.swift */; };
		2235E08F29A4F0A00067A062 /* Assets.xcassets in Resources */ = {isa = PBXBuildFile; fileRef = 2235E08E29A4F0A00067A062 /* Assets.xcassets */; };
		2235E09229A4F0A00067A062 /* Preview Assets.xcassets in Resources */ = {isa = PBXBuildFile; fileRef = 2235E09129A4F0A00067A062 /* Preview Assets.xcassets */; };
		2235E09C29A4F38D0067A062 /* Color.swift in Sources */ = {isa = PBXBuildFile; fileRef = 2235E09B29A4F38D0067A062 /* Color.swift */; };
		2235E0A229A4F6470067A062 /* HomeView.swift in Sources */ = {isa = PBXBuildFile; fileRef = 2235E0A129A4F6470067A062 /* HomeView.swift */; };
		2235E0A629A4F7640067A062 /* CircleButtonView.swift in Sources */ = {isa = PBXBuildFile; fileRef = 2235E0A529A4F7640067A062 /* CircleButtonView.swift */; };
		2235E0A829A4FBB90067A062 /* CircleButtonAnimationView.swift in Sources */ = {isa = PBXBuildFile; fileRef = 2235E0A729A4FBB90067A062 /* CircleButtonAnimationView.swift */; };
		2235E0AB29A51F110067A062 /* CoinModel.swift in Sources */ = {isa = PBXBuildFile; fileRef = 2235E0AA29A51F110067A062 /* CoinModel.swift */; };
		2235E0AD29A5274F0067A062 /* CoinRowView.swift in Sources */ = {isa = PBXBuildFile; fileRef = 2235E0AC29A5274F0067A062 /* CoinRowView.swift */; };
		2235E0AF29A527B20067A062 /* PreviewProvider.swift in Sources */ = {isa = PBXBuildFile; fileRef = 2235E0AE29A527B20067A062 /* PreviewProvider.swift */; };
		2235E0B129A52D420067A062 /* Double.swift in Sources */ = {isa = PBXBuildFile; fileRef = 2235E0B029A52D420067A062 /* Double.swift */; };
		2235E0B329A551560067A062 /* HomeViewModel.swift in Sources */ = {isa = PBXBuildFile; fileRef = 2235E0B229A551560067A062 /* HomeViewModel.swift */; };
		2235E0B629A557420067A062 /* CoinDataService.swift in Sources */ = {isa = PBXBuildFile; fileRef = 2235E0B529A557420067A062 /* CoinDataService.swift */; };
		2235E0B929A619850067A062 /* NetworkingManager.swift in Sources */ = {isa = PBXBuildFile; fileRef = 2235E0B829A619850067A062 /* NetworkingManager.swift */; };
		2235E0BC29A643E90067A062 /* CoinImageView.swift in Sources */ = {isa = PBXBuildFile; fileRef = 2235E0BB29A643E90067A062 /* CoinImageView.swift */; };
		2235E0BE29A645410067A062 /* CoinImageService.swift in Sources */ = {isa = PBXBuildFile; fileRef = 2235E0BD29A645410067A062 /* CoinImageService.swift */; };
		2235E0C029A646E00067A062 /* CoinImageViewModel.swift in Sources */ = {isa = PBXBuildFile; fileRef = 2235E0BF29A646E00067A062 /* CoinImageViewModel.swift */; };
		2235E0C229A64C410067A062 /* LocalFileManager.swift in Sources */ = {isa = PBXBuildFile; fileRef = 2235E0C129A64C410067A062 /* LocalFileManager.swift */; };
		2235E0C429A67D390067A062 /* SearchBarView.swift in Sources */ = {isa = PBXBuildFile; fileRef = 2235E0C329A67D390067A062 /* SearchBarView.swift */; };
		2235E0C629A681DF0067A062 /* UIApplication.swift in Sources */ = {isa = PBXBuildFile; fileRef = 2235E0C529A681DF0067A062 /* UIApplication.swift */; };
		2235E0C829A688330067A062 /* StatisticModel.swift in Sources */ = {isa = PBXBuildFile; fileRef = 2235E0C729A688330067A062 /* StatisticModel.swift */; };
		2235E0CA29A68B150067A062 /* StatisticView.swift in Sources */ = {isa = PBXBuildFile; fileRef = 2235E0C929A68B150067A062 /* StatisticView.swift */; };
		2235E0CC29A6903F0067A062 /* HomeStatsView.swift in Sources */ = {isa = PBXBuildFile; fileRef = 2235E0CB29A6903F0067A062 /* HomeStatsView.swift */; };
		2235E0CE29A693720067A062 /* MarketDataModel.swift in Sources */ = {isa = PBXBuildFile; fileRef = 2235E0CD29A693720067A062 /* MarketDataModel.swift */; };
		2235E0D029A696980067A062 /* MarketDataService.swift in Sources */ = {isa = PBXBuildFile; fileRef = 2235E0CF29A696980067A062 /* MarketDataService.swift */; };
		2235E0D229A76C010067A062 /* PortfolioView.swift in Sources */ = {isa = PBXBuildFile; fileRef = 2235E0D129A76C010067A062 /* PortfolioView.swift */; };
		2235E0D429A776D30067A062 /* XMarkButton.swift in Sources */ = {isa = PBXBuildFile; fileRef = 2235E0D329A776D30067A062 /* XMarkButton.swift */; };
		2235E0D629A77BF90067A062 /* CoinLogoView.swift in Sources */ = {isa = PBXBuildFile; fileRef = 2235E0D529A77BF90067A062 /* CoinLogoView.swift */; };
/* End PBXBuildFile section */

/* Begin PBXFileReference section */
		2235E08729A4F09F0067A062 /* Crypto SwiftUI.app */ = {isa = PBXFileReference; explicitFileType = wrapper.application; includeInIndex = 0; path = "Crypto SwiftUI.app"; sourceTree = BUILT_PRODUCTS_DIR; };
		2235E08A29A4F09F0067A062 /* Crypto_SwiftUIApp.swift */ = {isa = PBXFileReference; lastKnownFileType = sourcecode.swift; path = Crypto_SwiftUIApp.swift; sourceTree = "<group>"; };
		2235E08C29A4F09F0067A062 /* ContentView.swift */ = {isa = PBXFileReference; lastKnownFileType = sourcecode.swift; path = ContentView.swift; sourceTree = "<group>"; };
		2235E08E29A4F0A00067A062 /* Assets.xcassets */ = {isa = PBXFileReference; lastKnownFileType = folder.assetcatalog; path = Assets.xcassets; sourceTree = "<group>"; };
		2235E09129A4F0A00067A062 /* Preview Assets.xcassets */ = {isa = PBXFileReference; lastKnownFileType = folder.assetcatalog; path = "Preview Assets.xcassets"; sourceTree = "<group>"; };
		2235E09B29A4F38D0067A062 /* Color.swift */ = {isa = PBXFileReference; lastKnownFileType = sourcecode.swift; path = Color.swift; sourceTree = "<group>"; };
		2235E0A129A4F6470067A062 /* HomeView.swift */ = {isa = PBXFileReference; lastKnownFileType = sourcecode.swift; path = HomeView.swift; sourceTree = "<group>"; };
		2235E0A529A4F7640067A062 /* CircleButtonView.swift */ = {isa = PBXFileReference; lastKnownFileType = sourcecode.swift; path = CircleButtonView.swift; sourceTree = "<group>"; };
		2235E0A729A4FBB90067A062 /* CircleButtonAnimationView.swift */ = {isa = PBXFileReference; lastKnownFileType = sourcecode.swift; path = CircleButtonAnimationView.swift; sourceTree = "<group>"; };
		2235E0AA29A51F110067A062 /* CoinModel.swift */ = {isa = PBXFileReference; lastKnownFileType = sourcecode.swift; path = CoinModel.swift; sourceTree = "<group>"; };
		2235E0AC29A5274F0067A062 /* CoinRowView.swift */ = {isa = PBXFileReference; lastKnownFileType = sourcecode.swift; path = CoinRowView.swift; sourceTree = "<group>"; };
		2235E0AE29A527B20067A062 /* PreviewProvider.swift */ = {isa = PBXFileReference; lastKnownFileType = sourcecode.swift; path = PreviewProvider.swift; sourceTree = "<group>"; };
		2235E0B029A52D420067A062 /* Double.swift */ = {isa = PBXFileReference; lastKnownFileType = sourcecode.swift; path = Double.swift; sourceTree = "<group>"; };
		2235E0B229A551560067A062 /* HomeViewModel.swift */ = {isa = PBXFileReference; lastKnownFileType = sourcecode.swift; path = HomeViewModel.swift; sourceTree = "<group>"; };
		2235E0B529A557420067A062 /* CoinDataService.swift */ = {isa = PBXFileReference; lastKnownFileType = sourcecode.swift; path = CoinDataService.swift; sourceTree = "<group>"; };
		2235E0B829A619850067A062 /* NetworkingManager.swift */ = {isa = PBXFileReference; lastKnownFileType = sourcecode.swift; path = NetworkingManager.swift; sourceTree = "<group>"; };
		2235E0BB29A643E90067A062 /* CoinImageView.swift */ = {isa = PBXFileReference; lastKnownFileType = sourcecode.swift; path = CoinImageView.swift; sourceTree = "<group>"; };
		2235E0BD29A645410067A062 /* CoinImageService.swift */ = {isa = PBXFileReference; lastKnownFileType = sourcecode.swift; path = CoinImageService.swift; sourceTree = "<group>"; };
		2235E0BF29A646E00067A062 /* CoinImageViewModel.swift */ = {isa = PBXFileReference; lastKnownFileType = sourcecode.swift; path = CoinImageViewModel.swift; sourceTree = "<group>"; };
		2235E0C129A64C410067A062 /* LocalFileManager.swift */ = {isa = PBXFileReference; lastKnownFileType = sourcecode.swift; path = LocalFileManager.swift; sourceTree = "<group>"; };
		2235E0C329A67D390067A062 /* SearchBarView.swift */ = {isa = PBXFileReference; lastKnownFileType = sourcecode.swift; path = SearchBarView.swift; sourceTree = "<group>"; };
		2235E0C529A681DF0067A062 /* UIApplication.swift */ = {isa = PBXFileReference; lastKnownFileType = sourcecode.swift; path = UIApplication.swift; sourceTree = "<group>"; };
		2235E0C729A688330067A062 /* StatisticModel.swift */ = {isa = PBXFileReference; lastKnownFileType = sourcecode.swift; path = StatisticModel.swift; sourceTree = "<group>"; };
		2235E0C929A68B150067A062 /* StatisticView.swift */ = {isa = PBXFileReference; lastKnownFileType = sourcecode.swift; path = StatisticView.swift; sourceTree = "<group>"; };
		2235E0CB29A6903F0067A062 /* HomeStatsView.swift */ = {isa = PBXFileReference; lastKnownFileType = sourcecode.swift; path = HomeStatsView.swift; sourceTree = "<group>"; };
		2235E0CD29A693720067A062 /* MarketDataModel.swift */ = {isa = PBXFileReference; lastKnownFileType = sourcecode.swift; path = MarketDataModel.swift; sourceTree = "<group>"; };
		2235E0CF29A696980067A062 /* MarketDataService.swift */ = {isa = PBXFileReference; lastKnownFileType = sourcecode.swift; path = MarketDataService.swift; sourceTree = "<group>"; };
		2235E0D129A76C010067A062 /* PortfolioView.swift */ = {isa = PBXFileReference; lastKnownFileType = sourcecode.swift; path = PortfolioView.swift; sourceTree = "<group>"; };
		2235E0D329A776D30067A062 /* XMarkButton.swift */ = {isa = PBXFileReference; lastKnownFileType = sourcecode.swift; path = XMarkButton.swift; sourceTree = "<group>"; };
		2235E0D529A77BF90067A062 /* CoinLogoView.swift */ = {isa = PBXFileReference; lastKnownFileType = sourcecode.swift; path = CoinLogoView.swift; sourceTree = "<group>"; };
/* End PBXFileReference section */

/* Begin PBXFrameworksBuildPhase section */
		2235E08429A4F09F0067A062 /* Frameworks */ = {
			isa = PBXFrameworksBuildPhase;
			buildActionMask = 2147483647;
			files = (
			);
			runOnlyForDeploymentPostprocessing = 0;
		};
/* End PBXFrameworksBuildPhase section */

/* Begin PBXGroup section */
		2235E07E29A4F09F0067A062 = {
			isa = PBXGroup;
			children = (
				2235E08929A4F09F0067A062 /* Crypto SwiftUI */,
				2235E08829A4F09F0067A062 /* Products */,
			);
			sourceTree = "<group>";
		};
		2235E08829A4F09F0067A062 /* Products */ = {
			isa = PBXGroup;
			children = (
				2235E08729A4F09F0067A062 /* Crypto SwiftUI.app */,
			);
			name = Products;
			sourceTree = "<group>";
		};
		2235E08929A4F09F0067A062 /* Crypto SwiftUI */ = {
			isa = PBXGroup;
			children = (
				2235E08A29A4F09F0067A062 /* Crypto_SwiftUIApp.swift */,
				2235E08C29A4F09F0067A062 /* ContentView.swift */,
				2235E0B729A619550067A062 /* Utilities */,
				2235E09A29A4F3710067A062 /* Extensions */,
				2235E0B429A557060067A062 /* Services */,
				2235E0A929A51EB40067A062 /* Models */,
				2235E09D29A4F5FF0067A062 /* Core */,
				2235E08E29A4F0A00067A062 /* Assets.xcassets */,
				2235E09029A4F0A00067A062 /* Preview Content */,
			);
			path = "Crypto SwiftUI";
			sourceTree = "<group>";
		};
		2235E09029A4F0A00067A062 /* Preview Content */ = {
			isa = PBXGroup;
			children = (
				2235E09129A4F0A00067A062 /* Preview Assets.xcassets */,
			);
			path = "Preview Content";
			sourceTree = "<group>";
		};
		2235E09A29A4F3710067A062 /* Extensions */ = {
			isa = PBXGroup;
			children = (
				2235E09B29A4F38D0067A062 /* Color.swift */,
				2235E0AE29A527B20067A062 /* PreviewProvider.swift */,
				2235E0B029A52D420067A062 /* Double.swift */,
				2235E0C529A681DF0067A062 /* UIApplication.swift */,
			);
			path = Extensions;
			sourceTree = "<group>";
		};
		2235E09D29A4F5FF0067A062 /* Core */ = {
			isa = PBXGroup;
			children = (
				2235E0A329A4F73B0067A062 /* Components */,
				2235E09E29A4F6130067A062 /* Home */,
			);
			path = Core;
			sourceTree = "<group>";
		};
		2235E09E29A4F6130067A062 /* Home */ = {
			isa = PBXGroup;
			children = (
				2235E0A029A4F6290067A062 /* ViewModels */,
				2235E09F29A4F61F0067A062 /* Views */,
			);
			path = Home;
			sourceTree = "<group>";
		};
		2235E09F29A4F61F0067A062 /* Views */ = {
			isa = PBXGroup;
			children = (
				2235E0A129A4F6470067A062 /* HomeView.swift */,
				2235E0CB29A6903F0067A062 /* HomeStatsView.swift */,
				2235E0AC29A5274F0067A062 /* CoinRowView.swift */,
				2235E0D129A76C010067A062 /* PortfolioView.swift */,
			);
			path = Views;
			sourceTree = "<group>";
		};
		2235E0A029A4F6290067A062 /* ViewModels */ = {
			isa = PBXGroup;
			children = (
				2235E0B229A551560067A062 /* HomeViewModel.swift */,
			);
			path = ViewModels;
			sourceTree = "<group>";
		};
		2235E0A329A4F73B0067A062 /* Components */ = {
			isa = PBXGroup;
			children = (
				2235E0BA29A643D60067A062 /* CoinImage */,
				2235E0A429A4F7550067A062 /* CircleButton */,
				2235E0C329A67D390067A062 /* SearchBarView.swift */,
				2235E0C929A68B150067A062 /* StatisticView.swift */,
				2235E0D329A776D30067A062 /* XMarkButton.swift */,
			);
			path = Components;
			sourceTree = "<group>";
		};
		2235E0A429A4F7550067A062 /* CircleButton */ = {
			isa = PBXGroup;
			children = (
				2235E0A529A4F7640067A062 /* CircleButtonView.swift */,
				2235E0A729A4FBB90067A062 /* CircleButtonAnimationView.swift */,
			);
			path = CircleButton;
			sourceTree = "<group>";
		};
		2235E0A929A51EB40067A062 /* Models */ = {
			isa = PBXGroup;
			children = (
				2235E0AA29A51F110067A062 /* CoinModel.swift */,
				2235E0C729A688330067A062 /* StatisticModel.swift */,
				2235E0CD29A693720067A062 /* MarketDataModel.swift */,
			);
			path = Models;
			sourceTree = "<group>";
		};
		2235E0B429A557060067A062 /* Services */ = {
			isa = PBXGroup;
			children = (
				2235E0B529A557420067A062 /* CoinDataService.swift */,
				2235E0BD29A645410067A062 /* CoinImageService.swift */,
				2235E0CF29A696980067A062 /* MarketDataService.swift */,
			);
			path = Services;
			sourceTree = "<group>";
		};
		2235E0B729A619550067A062 /* Utilities */ = {
			isa = PBXGroup;
			children = (
				2235E0B829A619850067A062 /* NetworkingManager.swift */,
				2235E0C129A64C410067A062 /* LocalFileManager.swift */,
			);
			path = Utilities;
			sourceTree = "<group>";
		};
		2235E0BA29A643D60067A062 /* CoinImage */ = {
			isa = PBXGroup;
			children = (
				2235E0BB29A643E90067A062 /* CoinImageView.swift */,
				2235E0BF29A646E00067A062 /* CoinImageViewModel.swift */,
				2235E0D529A77BF90067A062 /* CoinLogoView.swift */,
			);
			path = CoinImage;
			sourceTree = "<group>";
		};
/* End PBXGroup section */

/* Begin PBXNativeTarget section */
		2235E08629A4F09F0067A062 /* Crypto SwiftUI */ = {
			isa = PBXNativeTarget;
			buildConfigurationList = 2235E09529A4F0A00067A062 /* Build configuration list for PBXNativeTarget "Crypto SwiftUI" */;
			buildPhases = (
				2235E08329A4F09F0067A062 /* Sources */,
				2235E08429A4F09F0067A062 /* Frameworks */,
				2235E08529A4F09F0067A062 /* Resources */,
			);
			buildRules = (
			);
			dependencies = (
			);
			name = "Crypto SwiftUI";
			productName = "Crypto SwiftUI";
			productReference = 2235E08729A4F09F0067A062 /* Crypto SwiftUI.app */;
			productType = "com.apple.product-type.application";
		};
/* End PBXNativeTarget section */

/* Begin PBXProject section */
		2235E07F29A4F09F0067A062 /* Project object */ = {
			isa = PBXProject;
			attributes = {
				BuildIndependentTargetsInParallel = 1;
				LastSwiftUpdateCheck = 1420;
				LastUpgradeCheck = 1420;
				TargetAttributes = {
					2235E08629A4F09F0067A062 = {
						CreatedOnToolsVersion = 14.2;
					};
				};
			};
			buildConfigurationList = 2235E08229A4F09F0067A062 /* Build configuration list for PBXProject "Crypto SwiftUI" */;
			compatibilityVersion = "Xcode 14.0";
			developmentRegion = en;
			hasScannedForEncodings = 0;
			knownRegions = (
				en,
				Base,
			);
			mainGroup = 2235E07E29A4F09F0067A062;
			productRefGroup = 2235E08829A4F09F0067A062 /* Products */;
			projectDirPath = "";
			projectRoot = "";
			targets = (
				2235E08629A4F09F0067A062 /* Crypto SwiftUI */,
			);
		};
/* End PBXProject section */

/* Begin PBXResourcesBuildPhase section */
		2235E08529A4F09F0067A062 /* Resources */ = {
			isa = PBXResourcesBuildPhase;
			buildActionMask = 2147483647;
			files = (
				2235E09229A4F0A00067A062 /* Preview Assets.xcassets in Resources */,
				2235E08F29A4F0A00067A062 /* Assets.xcassets in Resources */,
			);
			runOnlyForDeploymentPostprocessing = 0;
		};
/* End PBXResourcesBuildPhase section */

/* Begin PBXSourcesBuildPhase section */
		2235E08329A4F09F0067A062 /* Sources */ = {
			isa = PBXSourcesBuildPhase;
			buildActionMask = 2147483647;
			files = (
				2235E0C829A688330067A062 /* StatisticModel.swift in Sources */,
				2235E0B629A557420067A062 /* CoinDataService.swift in Sources */,
				2235E0AD29A5274F0067A062 /* CoinRowView.swift in Sources */,
				2235E0D429A776D30067A062 /* XMarkButton.swift in Sources */,
				2235E0B329A551560067A062 /* HomeViewModel.swift in Sources */,
				2235E08D29A4F09F0067A062 /* ContentView.swift in Sources */,
				2235E0C229A64C410067A062 /* LocalFileManager.swift in Sources */,
				2235E0CE29A693720067A062 /* MarketDataModel.swift in Sources */,
				2235E0A229A4F6470067A062 /* HomeView.swift in Sources */,
				2235E0CA29A68B150067A062 /* StatisticView.swift in Sources */,
				2235E0BC29A643E90067A062 /* CoinImageView.swift in Sources */,
				2235E08B29A4F09F0067A062 /* Crypto_SwiftUIApp.swift in Sources */,
				2235E0C629A681DF0067A062 /* UIApplication.swift in Sources */,
				2235E0A629A4F7640067A062 /* CircleButtonView.swift in Sources */,
				2235E09C29A4F38D0067A062 /* Color.swift in Sources */,
				2235E0C429A67D390067A062 /* SearchBarView.swift in Sources */,
				2235E0B929A619850067A062 /* NetworkingManager.swift in Sources */,
				2235E0D629A77BF90067A062 /* CoinLogoView.swift in Sources */,
				2235E0CC29A6903F0067A062 /* HomeStatsView.swift in Sources */,
				2235E0D029A696980067A062 /* MarketDataService.swift in Sources */,
				2235E0A829A4FBB90067A062 /* CircleButtonAnimationView.swift in Sources */,
				2235E0C029A646E00067A062 /* CoinImageViewModel.swift in Sources */,
				2235E0AF29A527B20067A062 /* PreviewProvider.swift in Sources */,
				2235E0D229A76C010067A062 /* PortfolioView.swift in Sources */,
				2235E0B129A52D420067A062 /* Double.swift in Sources */,
				2235E0BE29A645410067A062 /* CoinImageService.swift in Sources */,
				2235E0AB29A51F110067A062 /* CoinModel.swift in Sources */,
			);
			runOnlyForDeploymentPostprocessing = 0;
		};
/* End PBXSourcesBuildPhase section */

/* Begin XCBuildConfiguration section */
		2235E09329A4F0A00067A062 /* Debug */ = {
			isa = XCBuildConfiguration;
			buildSettings = {
				ALWAYS_SEARCH_USER_PATHS = NO;
				CLANG_ANALYZER_NONNULL = YES;
				CLANG_ANALYZER_NUMBER_OBJECT_CONVERSION = YES_AGGRESSIVE;
				CLANG_CXX_LANGUAGE_STANDARD = "gnu++20";
				CLANG_ENABLE_MODULES = YES;
				CLANG_ENABLE_OBJC_ARC = YES;
				CLANG_ENABLE_OBJC_WEAK = YES;
				CLANG_WARN_BLOCK_CAPTURE_AUTORELEASING = YES;
				CLANG_WARN_BOOL_CONVERSION = YES;
				CLANG_WARN_COMMA = YES;
				CLANG_WARN_CONSTANT_CONVERSION = YES;
				CLANG_WARN_DEPRECATED_OBJC_IMPLEMENTATIONS = YES;
				CLANG_WARN_DIRECT_OBJC_ISA_USAGE = YES_ERROR;
				CLANG_WARN_DOCUMENTATION_COMMENTS = YES;
				CLANG_WARN_EMPTY_BODY = YES;
				CLANG_WARN_ENUM_CONVERSION = YES;
				CLANG_WARN_INFINITE_RECURSION = YES;
				CLANG_WARN_INT_CONVERSION = YES;
				CLANG_WARN_NON_LITERAL_NULL_CONVERSION = YES;
				CLANG_WARN_OBJC_IMPLICIT_RETAIN_SELF = YES;
				CLANG_WARN_OBJC_LITERAL_CONVERSION = YES;
				CLANG_WARN_OBJC_ROOT_CLASS = YES_ERROR;
				CLANG_WARN_QUOTED_INCLUDE_IN_FRAMEWORK_HEADER = YES;
				CLANG_WARN_RANGE_LOOP_ANALYSIS = YES;
				CLANG_WARN_STRICT_PROTOTYPES = YES;
				CLANG_WARN_SUSPICIOUS_MOVE = YES;
				CLANG_WARN_UNGUARDED_AVAILABILITY = YES_AGGRESSIVE;
				CLANG_WARN_UNREACHABLE_CODE = YES;
				CLANG_WARN__DUPLICATE_METHOD_MATCH = YES;
				COPY_PHASE_STRIP = NO;
				DEBUG_INFORMATION_FORMAT = dwarf;
				ENABLE_STRICT_OBJC_MSGSEND = YES;
				ENABLE_TESTABILITY = YES;
				GCC_C_LANGUAGE_STANDARD = gnu11;
				GCC_DYNAMIC_NO_PIC = NO;
				GCC_NO_COMMON_BLOCKS = YES;
				GCC_OPTIMIZATION_LEVEL = 0;
				GCC_PREPROCESSOR_DEFINITIONS = (
					"DEBUG=1",
					"$(inherited)",
				);
				GCC_WARN_64_TO_32_BIT_CONVERSION = YES;
				GCC_WARN_ABOUT_RETURN_TYPE = YES_ERROR;
				GCC_WARN_UNDECLARED_SELECTOR = YES;
				GCC_WARN_UNINITIALIZED_AUTOS = YES_AGGRESSIVE;
				GCC_WARN_UNUSED_FUNCTION = YES;
				GCC_WARN_UNUSED_VARIABLE = YES;
				IPHONEOS_DEPLOYMENT_TARGET = 16.2;
				MTL_ENABLE_DEBUG_INFO = INCLUDE_SOURCE;
				MTL_FAST_MATH = YES;
				ONLY_ACTIVE_ARCH = YES;
				SDKROOT = iphoneos;
				SWIFT_ACTIVE_COMPILATION_CONDITIONS = DEBUG;
				SWIFT_OPTIMIZATION_LEVEL = "-Onone";
			};
			name = Debug;
		};
		2235E09429A4F0A00067A062 /* Release */ = {
			isa = XCBuildConfiguration;
			buildSettings = {
				ALWAYS_SEARCH_USER_PATHS = NO;
				CLANG_ANALYZER_NONNULL = YES;
				CLANG_ANALYZER_NUMBER_OBJECT_CONVERSION = YES_AGGRESSIVE;
				CLANG_CXX_LANGUAGE_STANDARD = "gnu++20";
				CLANG_ENABLE_MODULES = YES;
				CLANG_ENABLE_OBJC_ARC = YES;
				CLANG_ENABLE_OBJC_WEAK = YES;
				CLANG_WARN_BLOCK_CAPTURE_AUTORELEASING = YES;
				CLANG_WARN_BOOL_CONVERSION = YES;
				CLANG_WARN_COMMA = YES;
				CLANG_WARN_CONSTANT_CONVERSION = YES;
				CLANG_WARN_DEPRECATED_OBJC_IMPLEMENTATIONS = YES;
				CLANG_WARN_DIRECT_OBJC_ISA_USAGE = YES_ERROR;
				CLANG_WARN_DOCUMENTATION_COMMENTS = YES;
				CLANG_WARN_EMPTY_BODY = YES;
				CLANG_WARN_ENUM_CONVERSION = YES;
				CLANG_WARN_INFINITE_RECURSION = YES;
				CLANG_WARN_INT_CONVERSION = YES;
				CLANG_WARN_NON_LITERAL_NULL_CONVERSION = YES;
				CLANG_WARN_OBJC_IMPLICIT_RETAIN_SELF = YES;
				CLANG_WARN_OBJC_LITERAL_CONVERSION = YES;
				CLANG_WARN_OBJC_ROOT_CLASS = YES_ERROR;
				CLANG_WARN_QUOTED_INCLUDE_IN_FRAMEWORK_HEADER = YES;
				CLANG_WARN_RANGE_LOOP_ANALYSIS = YES;
				CLANG_WARN_STRICT_PROTOTYPES = YES;
				CLANG_WARN_SUSPICIOUS_MOVE = YES;
				CLANG_WARN_UNGUARDED_AVAILABILITY = YES_AGGRESSIVE;
				CLANG_WARN_UNREACHABLE_CODE = YES;
				CLANG_WARN__DUPLICATE_METHOD_MATCH = YES;
				COPY_PHASE_STRIP = NO;
				DEBUG_INFORMATION_FORMAT = "dwarf-with-dsym";
				ENABLE_NS_ASSERTIONS = NO;
				ENABLE_STRICT_OBJC_MSGSEND = YES;
				GCC_C_LANGUAGE_STANDARD = gnu11;
				GCC_NO_COMMON_BLOCKS = YES;
				GCC_WARN_64_TO_32_BIT_CONVERSION = YES;
				GCC_WARN_ABOUT_RETURN_TYPE = YES_ERROR;
				GCC_WARN_UNDECLARED_SELECTOR = YES;
				GCC_WARN_UNINITIALIZED_AUTOS = YES_AGGRESSIVE;
				GCC_WARN_UNUSED_FUNCTION = YES;
				GCC_WARN_UNUSED_VARIABLE = YES;
				IPHONEOS_DEPLOYMENT_TARGET = 16.2;
				MTL_ENABLE_DEBUG_INFO = NO;
				MTL_FAST_MATH = YES;
				SDKROOT = iphoneos;
				SWIFT_COMPILATION_MODE = wholemodule;
				SWIFT_OPTIMIZATION_LEVEL = "-O";
				VALIDATE_PRODUCT = YES;
			};
			name = Release;
		};
		2235E09629A4F0A00067A062 /* Debug */ = {
			isa = XCBuildConfiguration;
			buildSettings = {
				ASSETCATALOG_COMPILER_APPICON_NAME = AppIcon;
				ASSETCATALOG_COMPILER_GLOBAL_ACCENT_COLOR_NAME = AccentColor;
				CODE_SIGN_STYLE = Automatic;
				CURRENT_PROJECT_VERSION = 1;
				DEVELOPMENT_ASSET_PATHS = "\"Crypto SwiftUI/Preview Content\"";
				DEVELOPMENT_TEAM = 9FMANP6Q86;
				ENABLE_PREVIEWS = YES;
				GENERATE_INFOPLIST_FILE = YES;
				INFOPLIST_KEY_CFBundleDisplayName = "Crypto Tracker";
				INFOPLIST_KEY_UIApplicationSceneManifest_Generation = YES;
				INFOPLIST_KEY_UIApplicationSupportsIndirectInputEvents = YES;
				INFOPLIST_KEY_UILaunchScreen_Generation = YES;
				INFOPLIST_KEY_UISupportedInterfaceOrientations = UIInterfaceOrientationPortrait;
				LD_RUNPATH_SEARCH_PATHS = (
					"$(inherited)",
					"@executable_path/Frameworks",
				);
				MARKETING_VERSION = 1.0;
				PRODUCT_BUNDLE_IDENTIFIER = "gw123asdfzcx.Crypto-SwiftUI";
				PRODUCT_NAME = "$(TARGET_NAME)";
				SUPPORTED_PLATFORMS = "iphoneos iphonesimulator";
				SUPPORTS_MACCATALYST = NO;
				SUPPORTS_MAC_DESIGNED_FOR_IPHONE_IPAD = NO;
				SWIFT_EMIT_LOC_STRINGS = YES;
				SWIFT_VERSION = 5.0;
				TARGETED_DEVICE_FAMILY = "1,2";
			};
			name = Debug;
		};
		2235E09729A4F0A00067A062 /* Release */ = {
			isa = XCBuildConfiguration;
			buildSettings = {
				ASSETCATALOG_COMPILER_APPICON_NAME = AppIcon;
				ASSETCATALOG_COMPILER_GLOBAL_ACCENT_COLOR_NAME = AccentColor;
				CODE_SIGN_STYLE = Automatic;
				CURRENT_PROJECT_VERSION = 1;
				DEVELOPMENT_ASSET_PATHS = "\"Crypto SwiftUI/Preview Content\"";
				DEVELOPMENT_TEAM = 9FMANP6Q86;
				ENABLE_PREVIEWS = YES;
				GENERATE_INFOPLIST_FILE = YES;
				INFOPLIST_KEY_CFBundleDisplayName = "Crypto Tracker";
				INFOPLIST_KEY_UIApplicationSceneManifest_Generation = YES;
				INFOPLIST_KEY_UIApplicationSupportsIndirectInputEvents = YES;
				INFOPLIST_KEY_UILaunchScreen_Generation = YES;
				INFOPLIST_KEY_UISupportedInterfaceOrientations = UIInterfaceOrientationPortrait;
				LD_RUNPATH_SEARCH_PATHS = (
					"$(inherited)",
					"@executable_path/Frameworks",
				);
				MARKETING_VERSION = 1.0;
				PRODUCT_BUNDLE_IDENTIFIER = "gw123asdfzcx.Crypto-SwiftUI";
				PRODUCT_NAME = "$(TARGET_NAME)";
				SUPPORTED_PLATFORMS = "iphoneos iphonesimulator";
				SUPPORTS_MACCATALYST = NO;
				SUPPORTS_MAC_DESIGNED_FOR_IPHONE_IPAD = NO;
				SWIFT_EMIT_LOC_STRINGS = YES;
				SWIFT_VERSION = 5.0;
				TARGETED_DEVICE_FAMILY = "1,2";
			};
			name = Release;
		};
/* End XCBuildConfiguration section */

/* Begin XCConfigurationList section */
		2235E08229A4F09F0067A062 /* Build configuration list for PBXProject "Crypto SwiftUI" */ = {
			isa = XCConfigurationList;
			buildConfigurations = (
				2235E09329A4F0A00067A062 /* Debug */,
				2235E09429A4F0A00067A062 /* Release */,
			);
			defaultConfigurationIsVisible = 0;
			defaultConfigurationName = Release;
		};
		2235E09529A4F0A00067A062 /* Build configuration list for PBXNativeTarget "Crypto SwiftUI" */ = {
			isa = XCConfigurationList;
			buildConfigurations = (
				2235E09629A4F0A00067A062 /* Debug */,
				2235E09729A4F0A00067A062 /* Release */,
			);
			defaultConfigurationIsVisible = 0;
			defaultConfigurationName = Release;
		};
/* End XCConfigurationList section */
	};
	rootObject = 2235E07F29A4F09F0067A062 /* Project object */;
}
